
Microsoft Visual Studio Solution File, Format Version 12.00
# Visual Studio Version 16
VisualStudioVersion = 16.0.29326.143
MinimumVisualStudioVersion = 10.0.40219.1
Project("{FAE04EC0-301F-11D3-BF4B-00C04F79EFBC}") = "NUnitFirefox", "NUnitFirefox.csproj", "{2C126E71-EE16-407A-98F9-E92F5B12B54C}"
EndProject
Global
	GlobalSection(SolutionConfigurationPlatforms) = preSolution
		Debug|Any CPU = Debug|Any CPU
		Release|Any CPU = Release|Any CPU
	EndGlobalSection
	GlobalSection(ProjectConfigurationPlatforms) = postSolution
		{2C126E71-EE16-407A-98F9-E92F5B12B54C}.Debug|Any CPU.ActiveCfg = Debug|Any CPU
		{2C126E71-EE16-407A-98F9-E92F5B12B54C}.Debug|Any CPU.Build.0 = Debug|Any CPU
		{2C126E71-EE16-407A-98F9-E92F5B12B54C}.Release|Any CPU.ActiveCfg = Release|Any CPU
		{2C126E71-EE16-407A-98F9-E92F5B12B54C}.Release|Any CPU.Build.0 = Release|Any CPU
	EndGlobalSection
	GlobalSection(SolutionProperties) = preSolution
		HideSolutionNode = FALSE
	EndGlobalSection
	GlobalSection(ExtensibilityGlobals) = postSolution
		SolutionGuid = {2B4B2F25-E5E2-44B0-A887-F6CF57EDCD61}
	EndGlobalSection
EndGlobal
